
Microsoft Visual Studio Solution File, Format Version 12.00
# Visual Studio 15
VisualStudioVersion = 15.0.27428.2011
MinimumVisualStudioVersion = 10.0.40219.1
Project("{FAE04EC0-301F-11D3-BF4B-00C04F79EFBC}") = "TestCreoView", "TestCreoView\TestCreoView.csproj", "{BB1BBAE1-CA25-4E80-82B5-001B6514B50C}"
EndProject
Project("{FAE04EC0-301F-11D3-BF4B-00C04F79EFBC}") = "WinFormsUI", "WinFormsUI\WinFormsUI.csproj", "{C75532C4-765B-418E-B09B-46D36B2ABDB1}"
EndProject
Project("{2150E333-8FDC-42A3-9474-1A3956D46DE8}") = "Themes", "Themes", "{A4BC3DC4-C236-42E2-BA7E-A46EE32487A7}"
EndProject
Project("{FAE04EC0-301F-11D3-BF4B-00C04F79EFBC}") = "ThemeVS2015", "WinFormsUI\ThemeVS2015.csproj", "{007D4AC8-948F-4816-86AD-B9D1343672C1}"
EndProject
Project("{FAE04EC0-301F-11D3-BF4B-00C04F79EFBC}") = "ThemeVS2003", "WinFormsUI\ThemeVS2003.csproj", "{719F0F69-66DA-438D-B5BB-2D883EF4ACE2}"
EndProject
Project("{FAE04EC0-301F-11D3-BF4B-00C04F79EFBC}") = "ThemeVS2012", "WinFormsUI\ThemeVS2012.csproj", "{4ED4FDB5-9FD0-49E6-876D-1635F727C755}"
EndProject
Project("{FAE04EC0-301F-11D3-BF4B-00C04F79EFBC}") = "ThemeVS2013", "WinFormsUI\ThemeVS2013.csproj", "{245E07F6-10D5-4CFA-B003-0DEB06B223DA}"
EndProject
Global
	GlobalSection(SolutionConfigurationPlatforms) = preSolution
		Debug|Any CPU = Debug|Any CPU
		Release|Any CPU = Release|Any CPU
	EndGlobalSection
	GlobalSection(ProjectConfigurationPlatforms) = postSolution
		{BB1BBAE1-CA25-4E80-82B5-001B6514B50C}.Debug|Any CPU.ActiveCfg = Debug|Any CPU
		{BB1BBAE1-CA25-4E80-82B5-001B6514B50C}.Debug|Any CPU.Build.0 = Debug|Any CPU
		{BB1BBAE1-CA25-4E80-82B5-001B6514B50C}.Release|Any CPU.ActiveCfg = Release|Any CPU
		{BB1BBAE1-CA25-4E80-82B5-001B6514B50C}.Release|Any CPU.Build.0 = Release|Any CPU
		{C75532C4-765B-418E-B09B-46D36B2ABDB1}.Debug|Any CPU.ActiveCfg = Debug|Any CPU
		{C75532C4-765B-418E-B09B-46D36B2ABDB1}.Debug|Any CPU.Build.0 = Debug|Any CPU
		{C75532C4-765B-418E-B09B-46D36B2ABDB1}.Release|Any CPU.ActiveCfg = Release|Any CPU
		{C75532C4-765B-418E-B09B-46D36B2ABDB1}.Release|Any CPU.Build.0 = Release|Any CPU
		{007D4AC8-948F-4816-86AD-B9D1343672C1}.Debug|Any CPU.ActiveCfg = Debug|Any CPU
		{007D4AC8-948F-4816-86AD-B9D1343672C1}.Debug|Any CPU.Build.0 = Debug|Any CPU
		{007D4AC8-948F-4816-86AD-B9D1343672C1}.Release|Any CPU.ActiveCfg = Release|Any CPU
		{007D4AC8-948F-4816-86AD-B9D1343672C1}.Release|Any CPU.Build.0 = Release|Any CPU
		{719F0F69-66DA-438D-B5BB-2D883EF4ACE2}.Debug|Any CPU.ActiveCfg = Debug|Any CPU
		{719F0F69-66DA-438D-B5BB-2D883EF4ACE2}.Debug|Any CPU.Build.0 = Debug|Any CPU
		{719F0F69-66DA-438D-B5BB-2D883EF4ACE2}.Release|Any CPU.ActiveCfg = Release|Any CPU
		{719F0F69-66DA-438D-B5BB-2D883EF4ACE2}.Release|Any CPU.Build.0 = Release|Any CPU
		{4ED4FDB5-9FD0-49E6-876D-1635F727C755}.Debug|Any CPU.ActiveCfg = Debug|Any CPU
		{4ED4FDB5-9FD0-49E6-876D-1635F727C755}.Debug|Any CPU.Build.0 = Debug|Any CPU
		{4ED4FDB5-9FD0-49E6-876D-1635F727C755}.Release|Any CPU.ActiveCfg = Release|Any CPU
		{4ED4FDB5-9FD0-49E6-876D-1635F727C755}.Release|Any CPU.Build.0 = Release|Any CPU
		{245E07F6-10D5-4CFA-B003-0DEB06B223DA}.Debug|Any CPU.ActiveCfg = Debug|Any CPU
		{245E07F6-10D5-4CFA-B003-0DEB06B223DA}.Debug|Any CPU.Build.0 = Debug|Any CPU
		{245E07F6-10D5-4CFA-B003-0DEB06B223DA}.Release|Any CPU.ActiveCfg = Release|Any CPU
		{245E07F6-10D5-4CFA-B003-0DEB06B223DA}.Release|Any CPU.Build.0 = Release|Any CPU
	EndGlobalSection
	GlobalSection(SolutionProperties) = preSolution
		HideSolutionNode = FALSE
	EndGlobalSection
	GlobalSection(NestedProjects) = preSolution
		{007D4AC8-948F-4816-86AD-B9D1343672C1} = {A4BC3DC4-C236-42E2-BA7E-A46EE32487A7}
		{719F0F69-66DA-438D-B5BB-2D883EF4ACE2} = {A4BC3DC4-C236-42E2-BA7E-A46EE32487A7}
		{4ED4FDB5-9FD0-49E6-876D-1635F727C755} = {A4BC3DC4-C236-42E2-BA7E-A46EE32487A7}
		{245E07F6-10D5-4CFA-B003-0DEB06B223DA} = {A4BC3DC4-C236-42E2-BA7E-A46EE32487A7}
	EndGlobalSection
	GlobalSection(ExtensibilityGlobals) = postSolution
		SolutionGuid = {0DE15800-4D25-400C-8D46-5A1EB0806586}
	EndGlobalSection
EndGlobal
